
Microsoft Visual Studio Solution File, Format Version 12.00
# Visual Studio 15
VisualStudioVersion = 15.0.28307.1267
MinimumVisualStudioVersion = 10.0.40219.1
Project("{FAE04EC0-301F-11D3-BF4B-00C04F79EFBC}") = "OverloadTelemetry", "OverloadTelemetry.csproj", "{D113346D-947F-4F82-8014-E63E863308D1}"
EndProject
Global
	GlobalSection(SolutionConfigurationPlatforms) = preSolution
		Debug|Any CPU = Debug|Any CPU
		Release|Any CPU = Release|Any CPU
	EndGlobalSection
	GlobalSection(ProjectConfigurationPlatforms) = postSolution
		{D113346D-947F-4F82-8014-E63E863308D1}.Debug|Any CPU.ActiveCfg = Debug|Any CPU
		{D113346D-947F-4F82-8014-E63E863308D1}.Debug|Any CPU.Build.0 = Debug|Any CPU
		{D113346D-947F-4F82-8014-E63E863308D1}.Release|Any CPU.ActiveCfg = Release|Any CPU
		{D113346D-947F-4F82-8014-E63E863308D1}.Release|Any CPU.Build.0 = Release|Any CPU
	EndGlobalSection
	GlobalSection(SolutionProperties) = preSolution
		HideSolutionNode = FALSE
	EndGlobalSection
	GlobalSection(ExtensibilityGlobals) = postSolution
		SolutionGuid = {D88A12F2-8786-4CDC-9A92-D2E7798286CA}
	EndGlobalSection
EndGlobal
