
Microsoft Visual Studio Solution File, Format Version 12.00
# Visual Studio Version 16
VisualStudioVersion = 16.0.30621.155
MinimumVisualStudioVersion = 10.0.40219.1
Project("{FAE04EC0-301F-11D3-BF4B-00C04F79EFBC}") = "CMCustomUDP", "CMCustomUDP.csproj", "{5CD4D965-FB7F-41E9-AF9A-86EBF9EA15A3}"
EndProject
Global
	GlobalSection(SolutionConfigurationPlatforms) = preSolution
		Debug|Any CPU = Debug|Any CPU
		Release|Any CPU = Release|Any CPU
	EndGlobalSection
	GlobalSection(ProjectConfigurationPlatforms) = postSolution
		{5CD4D965-FB7F-41E9-AF9A-86EBF9EA15A3}.Debug|Any CPU.ActiveCfg = Debug|Any CPU
		{5CD4D965-FB7F-41E9-AF9A-86EBF9EA15A3}.Debug|Any CPU.Build.0 = Debug|Any CPU
		{5CD4D965-FB7F-41E9-AF9A-86EBF9EA15A3}.Release|Any CPU.ActiveCfg = Release|Any CPU
		{5CD4D965-FB7F-41E9-AF9A-86EBF9EA15A3}.Release|Any CPU.Build.0 = Release|Any CPU
	EndGlobalSection
	GlobalSection(SolutionProperties) = preSolution
		HideSolutionNode = FALSE
	EndGlobalSection
	GlobalSection(ExtensibilityGlobals) = postSolution
		SolutionGuid = {A07EE26D-166A-4453-A8F0-C477351E16F5}
	EndGlobalSection
EndGlobal
