
Microsoft Visual Studio Solution File, Format Version 12.00
# Visual Studio 15
VisualStudioVersion = 15.0.28307.1267
MinimumVisualStudioVersion = 10.0.40219.1
Project("{FAE04EC0-301F-11D3-BF4B-00C04F79EFBC}") = "VTOLVRAPI", "VTOLVRAPI.csproj", "{1ECE0C19-57D7-41BE-88D5-2FEC3011A321}"
EndProject
Global
	GlobalSection(SolutionConfigurationPlatforms) = preSolution
		Debug|Any CPU = Debug|Any CPU
		Release|Any CPU = Release|Any CPU
	EndGlobalSection
	GlobalSection(ProjectConfigurationPlatforms) = postSolution
		{1ECE0C19-57D7-41BE-88D5-2FEC3011A321}.Debug|Any CPU.ActiveCfg = Debug|Any CPU
		{1ECE0C19-57D7-41BE-88D5-2FEC3011A321}.Debug|Any CPU.Build.0 = Debug|Any CPU
		{1ECE0C19-57D7-41BE-88D5-2FEC3011A321}.Release|Any CPU.ActiveCfg = Release|Any CPU
		{1ECE0C19-57D7-41BE-88D5-2FEC3011A321}.Release|Any CPU.Build.0 = Release|Any CPU
	EndGlobalSection
	GlobalSection(SolutionProperties) = preSolution
		HideSolutionNode = FALSE
	EndGlobalSection
	GlobalSection(ExtensibilityGlobals) = postSolution
		SolutionGuid = {BDEBFE5A-573E-49AD-8DD1-5A2E8A2CD5E9}
	EndGlobalSection
EndGlobal
