
Microsoft Visual Studio Solution File, Format Version 12.00
# Visual Studio Version 16
VisualStudioVersion = 16.0.30621.155
MinimumVisualStudioVersion = 10.0.40219.1
Project("{FAE04EC0-301F-11D3-BF4B-00C04F79EFBC}") = "GTAVTelemetryPlugin", "GTAVTelemetryPlugin.csproj", "{2E214269-988A-430C-A508-F7306A54ABC8}"
EndProject
Project("{FAE04EC0-301F-11D3-BF4B-00C04F79EFBC}") = "GTAVAPI", "..\GTAVAPI\GTAVAPI.csproj", "{72059F7C-F597-4C05-9C31-C393F9845757}"
EndProject
Global
	GlobalSection(SolutionConfigurationPlatforms) = preSolution
		Debug|Any CPU = Debug|Any CPU
		Release|Any CPU = Release|Any CPU
	EndGlobalSection
	GlobalSection(ProjectConfigurationPlatforms) = postSolution
		{2E214269-988A-430C-A508-F7306A54ABC8}.Debug|Any CPU.ActiveCfg = Debug|Any CPU
		{2E214269-988A-430C-A508-F7306A54ABC8}.Debug|Any CPU.Build.0 = Debug|Any CPU
		{2E214269-988A-430C-A508-F7306A54ABC8}.Release|Any CPU.ActiveCfg = Release|Any CPU
		{2E214269-988A-430C-A508-F7306A54ABC8}.Release|Any CPU.Build.0 = Release|Any CPU
		{72059F7C-F597-4C05-9C31-C393F9845757}.Debug|Any CPU.ActiveCfg = Debug|Any CPU
		{72059F7C-F597-4C05-9C31-C393F9845757}.Debug|Any CPU.Build.0 = Debug|Any CPU
		{72059F7C-F597-4C05-9C31-C393F9845757}.Release|Any CPU.ActiveCfg = Release|Any CPU
		{72059F7C-F597-4C05-9C31-C393F9845757}.Release|Any CPU.Build.0 = Release|Any CPU
	EndGlobalSection
	GlobalSection(SolutionProperties) = preSolution
		HideSolutionNode = FALSE
	EndGlobalSection
	GlobalSection(ExtensibilityGlobals) = postSolution
		SolutionGuid = {EFCA86E7-C772-4813-A3F3-7D24B09036B6}
	EndGlobalSection
EndGlobal
