
Microsoft Visual Studio Solution File, Format Version 12.00
# Visual Studio 15
VisualStudioVersion = 15.0.28307.1267
MinimumVisualStudioVersion = 10.0.40219.1
Project("{FAE04EC0-301F-11D3-BF4B-00C04F79EFBC}") = "GenericTelemetryProvider", "GenericTelemetryProvider.csproj", "{EDC46C3A-20D4-4EE4-AC8A-C33A053D11DA}"
	ProjectSection(ProjectDependencies) = postProject
		{9595027C-2C95-4AE0-93F0-19FC54A15483} = {9595027C-2C95-4AE0-93F0-19FC54A15483}
	EndProjectSection
EndProject
Project("{FAE04EC0-301F-11D3-BF4B-00C04F79EFBC}") = "CMCustomUDP", "..\CMCustomUDP\CMCustomUDP.csproj", "{5CD4D965-FB7F-41E9-AF9A-86EBF9EA15A3}"
EndProject
Project("{FAE04EC0-301F-11D3-BF4B-00C04F79EFBC}") = "GTAVAPI", "..\GTAVAPI\GTAVAPI.csproj", "{72059F7C-F597-4C05-9C31-C393F9845757}"
EndProject
Project("{FAE04EC0-301F-11D3-BF4B-00C04F79EFBC}") = "MonsterGamesAPI", "..\MonsterGamesAPI\MonsterGamesAPI.csproj", "{DF06AED7-12BC-486D-8AC5-37BE43B164C3}"
EndProject
Project("{FAE04EC0-301F-11D3-BF4B-00C04F79EFBC}") = "WarplanesWW1API", "..\WarplanesWW1API\WarplanesWW1API.csproj", "{D171D832-8C04-433D-8674-BCD70D3E32CE}"
EndProject
Project("{FAE04EC0-301F-11D3-BF4B-00C04F79EFBC}") = "VTOLVRAPI", "..\VTOLVRAPI\VTOLVRAPI.csproj", "{1ECE0C19-57D7-41BE-88D5-2FEC3011A321}"
EndProject
Project("{FAE04EC0-301F-11D3-BF4B-00C04F79EFBC}") = "OverloadTelemetry", "..\OverloadTelemetry\OverloadTelemetry.csproj", "{D113346D-947F-4F82-8014-E63E863308D1}"
EndProject
Project("{FAE04EC0-301F-11D3-BF4B-00C04F79EFBC}") = "BalsaTelemetry", "..\BalsaTelemetry\BalsaTelemetry.csproj", "{E2FF2E0A-35C3-40B6-B412-1CE271E6114B}"
EndProject
Project("{FAE04EC0-301F-11D3-BF4B-00C04F79EFBC}") = "OpenMotionAPI", "..\OpenMotionAPI\OpenMotionAPI.csproj", "{9D4C7E8D-6798-4BF5-8BC4-480FDF3F8872}"
EndProject
Project("{FAE04EC0-301F-11D3-BF4B-00C04F79EFBC}") = "WRCGenAPI", "..\WRCGenAPI\WRCGenAPI.csproj", "{9595027C-2C95-4AE0-93F0-19FC54A15483}"
EndProject
Global
	GlobalSection(SolutionConfigurationPlatforms) = preSolution
		Debug|Any CPU = Debug|Any CPU
		Release|Any CPU = Release|Any CPU
	EndGlobalSection
	GlobalSection(ProjectConfigurationPlatforms) = postSolution
		{EDC46C3A-20D4-4EE4-AC8A-C33A053D11DA}.Debug|Any CPU.ActiveCfg = Debug|Any CPU
		{EDC46C3A-20D4-4EE4-AC8A-C33A053D11DA}.Debug|Any CPU.Build.0 = Debug|Any CPU
		{EDC46C3A-20D4-4EE4-AC8A-C33A053D11DA}.Release|Any CPU.ActiveCfg = Release|Any CPU
		{EDC46C3A-20D4-4EE4-AC8A-C33A053D11DA}.Release|Any CPU.Build.0 = Release|Any CPU
		{5CD4D965-FB7F-41E9-AF9A-86EBF9EA15A3}.Debug|Any CPU.ActiveCfg = Debug|Any CPU
		{5CD4D965-FB7F-41E9-AF9A-86EBF9EA15A3}.Debug|Any CPU.Build.0 = Debug|Any CPU
		{5CD4D965-FB7F-41E9-AF9A-86EBF9EA15A3}.Release|Any CPU.ActiveCfg = Release|Any CPU
		{5CD4D965-FB7F-41E9-AF9A-86EBF9EA15A3}.Release|Any CPU.Build.0 = Release|Any CPU
		{72059F7C-F597-4C05-9C31-C393F9845757}.Debug|Any CPU.ActiveCfg = Debug|Any CPU
		{72059F7C-F597-4C05-9C31-C393F9845757}.Debug|Any CPU.Build.0 = Debug|Any CPU
		{72059F7C-F597-4C05-9C31-C393F9845757}.Release|Any CPU.ActiveCfg = Release|Any CPU
		{72059F7C-F597-4C05-9C31-C393F9845757}.Release|Any CPU.Build.0 = Release|Any CPU
		{DF06AED7-12BC-486D-8AC5-37BE43B164C3}.Debug|Any CPU.ActiveCfg = Debug|Any CPU
		{DF06AED7-12BC-486D-8AC5-37BE43B164C3}.Debug|Any CPU.Build.0 = Debug|Any CPU
		{DF06AED7-12BC-486D-8AC5-37BE43B164C3}.Release|Any CPU.ActiveCfg = Release|Any CPU
		{DF06AED7-12BC-486D-8AC5-37BE43B164C3}.Release|Any CPU.Build.0 = Release|Any CPU
		{D171D832-8C04-433D-8674-BCD70D3E32CE}.Debug|Any CPU.ActiveCfg = Debug|Any CPU
		{D171D832-8C04-433D-8674-BCD70D3E32CE}.Debug|Any CPU.Build.0 = Debug|Any CPU
		{D171D832-8C04-433D-8674-BCD70D3E32CE}.Release|Any CPU.ActiveCfg = Release|Any CPU
		{D171D832-8C04-433D-8674-BCD70D3E32CE}.Release|Any CPU.Build.0 = Release|Any CPU
		{1ECE0C19-57D7-41BE-88D5-2FEC3011A321}.Debug|Any CPU.ActiveCfg = Debug|Any CPU
		{1ECE0C19-57D7-41BE-88D5-2FEC3011A321}.Debug|Any CPU.Build.0 = Debug|Any CPU
		{1ECE0C19-57D7-41BE-88D5-2FEC3011A321}.Release|Any CPU.ActiveCfg = Release|Any CPU
		{1ECE0C19-57D7-41BE-88D5-2FEC3011A321}.Release|Any CPU.Build.0 = Release|Any CPU
		{D113346D-947F-4F82-8014-E63E863308D1}.Debug|Any CPU.ActiveCfg = Debug|Any CPU
		{D113346D-947F-4F82-8014-E63E863308D1}.Debug|Any CPU.Build.0 = Debug|Any CPU
		{D113346D-947F-4F82-8014-E63E863308D1}.Release|Any CPU.ActiveCfg = Release|Any CPU
		{D113346D-947F-4F82-8014-E63E863308D1}.Release|Any CPU.Build.0 = Release|Any CPU
		{E2FF2E0A-35C3-40B6-B412-1CE271E6114B}.Debug|Any CPU.ActiveCfg = Debug|Any CPU
		{E2FF2E0A-35C3-40B6-B412-1CE271E6114B}.Debug|Any CPU.Build.0 = Debug|Any CPU
		{E2FF2E0A-35C3-40B6-B412-1CE271E6114B}.Release|Any CPU.ActiveCfg = Release|Any CPU
		{E2FF2E0A-35C3-40B6-B412-1CE271E6114B}.Release|Any CPU.Build.0 = Release|Any CPU
		{9D4C7E8D-6798-4BF5-8BC4-480FDF3F8872}.Debug|Any CPU.ActiveCfg = Debug|Any CPU
		{9D4C7E8D-6798-4BF5-8BC4-480FDF3F8872}.Debug|Any CPU.Build.0 = Debug|Any CPU
		{9D4C7E8D-6798-4BF5-8BC4-480FDF3F8872}.Release|Any CPU.ActiveCfg = Release|Any CPU
		{9D4C7E8D-6798-4BF5-8BC4-480FDF3F8872}.Release|Any CPU.Build.0 = Release|Any CPU
		{9595027C-2C95-4AE0-93F0-19FC54A15483}.Debug|Any CPU.ActiveCfg = Debug|Any CPU
		{9595027C-2C95-4AE0-93F0-19FC54A15483}.Debug|Any CPU.Build.0 = Debug|Any CPU
		{9595027C-2C95-4AE0-93F0-19FC54A15483}.Release|Any CPU.ActiveCfg = Release|Any CPU
		{9595027C-2C95-4AE0-93F0-19FC54A15483}.Release|Any CPU.Build.0 = Release|Any CPU
	EndGlobalSection
	GlobalSection(SolutionProperties) = preSolution
		HideSolutionNode = FALSE
	EndGlobalSection
	GlobalSection(ExtensibilityGlobals) = postSolution
		SolutionGuid = {3BF4E282-AB0F-4D4F-BE2A-CF0C4C8AC517}
	EndGlobalSection
EndGlobal
