
Microsoft Visual Studio Solution File, Format Version 12.00
# Visual Studio Version 16
VisualStudioVersion = 16.0.30621.155
MinimumVisualStudioVersion = 10.0.40219.1
Project("{FAE04EC0-301F-11D3-BF4B-00C04F79EFBC}") = "GenericTelemetryProvider", "GenericTelemetryProvider.csproj", "{EDC46C3A-20D4-4EE4-AC8A-C33A053D11DA}"
EndProject
Global
	GlobalSection(SolutionConfigurationPlatforms) = preSolution
		Debug|Any CPU = Debug|Any CPU
		Release|Any CPU = Release|Any CPU
	EndGlobalSection
	GlobalSection(ProjectConfigurationPlatforms) = postSolution
		{EDC46C3A-20D4-4EE4-AC8A-C33A053D11DA}.Debug|Any CPU.ActiveCfg = Debug|Any CPU
		{EDC46C3A-20D4-4EE4-AC8A-C33A053D11DA}.Debug|Any CPU.Build.0 = Debug|Any CPU
		{EDC46C3A-20D4-4EE4-AC8A-C33A053D11DA}.Release|Any CPU.ActiveCfg = Release|Any CPU
		{EDC46C3A-20D4-4EE4-AC8A-C33A053D11DA}.Release|Any CPU.Build.0 = Release|Any CPU
	EndGlobalSection
	GlobalSection(SolutionProperties) = preSolution
		HideSolutionNode = FALSE
	EndGlobalSection
	GlobalSection(ExtensibilityGlobals) = postSolution
		SolutionGuid = {3BF4E282-AB0F-4D4F-BE2A-CF0C4C8AC517}
	EndGlobalSection
EndGlobal
